
Microsoft Visual Studio Solution File, Format Version 12.00
# Visual Studio Version 16
VisualStudioVersion = 16.0.30413.136
MinimumVisualStudioVersion = 10.0.40219.1
Project("{8BC9CEB8-8B4A-11D0-8D11-00A0C91BC942}") = "Recusion", "Recusion\Recusion.vcxproj", "{24E349D8-9D22-4DDC-A6D6-97A855C30D12}"
EndProject
Project("{8BC9CEB8-8B4A-11D0-8D11-00A0C91BC942}") = "RecursionAndStack", "RecursionAndStack\RecursionAndStack.vcxproj", "{AB1BEF73-686E-4E5A-8C44-D8D6C2549CA7}"
EndProject
Project("{8BC9CEB8-8B4A-11D0-8D11-00A0C91BC942}") = "TreeRecursion", "TreeRecursion\TreeRecursion.vcxproj", "{EF4DB541-2C3A-4217-8982-90FE7B93ABA2}"
EndProject
Project("{8BC9CEB8-8B4A-11D0-8D11-00A0C91BC942}") = "StaticVariableAndRecursion", "StaticVariableAndRecursion\StaticVariableAndRecursion.vcxproj", "{E66F178C-3A78-4FCE-BD57-34A6876719EC}"
EndProject
Project("{8BC9CEB8-8B4A-11D0-8D11-00A0C91BC942}") = "IndirectRecursion", "IndirectRecursion\IndirectRecursion.vcxproj", "{DB41C415-4267-40E6-A904-4CA2C6DFBC07}"
EndProject
Project("{8BC9CEB8-8B4A-11D0-8D11-00A0C91BC942}") = "NestedRecursion", "NestedRecursion\NestedRecursion.vcxproj", "{E211D1BB-A3D9-4DBC-8FFA-D945B2BBA2B6}"
EndProject
Project("{8BC9CEB8-8B4A-11D0-8D11-00A0C91BC942}") = "SumofNNaturalNumbers", "SumofNNaturalNumbers\SumofNNaturalNumbers.vcxproj", "{ADF2EAA1-F868-4CA3-AF2D-C2B5A57C666B}"
EndProject
Project("{8BC9CEB8-8B4A-11D0-8D11-00A0C91BC942}") = "PowerRecursion", "PowerRecursion\PowerRecursion.vcxproj", "{7826BCBD-FA76-452E-A0BB-1B78DCC2B61A}"
EndProject
Project("{8BC9CEB8-8B4A-11D0-8D11-00A0C91BC942}") = "TaylorSeries", "TaylorSeries\TaylorSeries.vcxproj", "{C06AE91C-D74B-4579-B6C7-78B4C8B60AE1}"
EndProject
Project("{8BC9CEB8-8B4A-11D0-8D11-00A0C91BC942}") = "TaylorSeriesHorner", "TaylorSeriesHorner\TaylorSeriesHorner.vcxproj", "{905BD274-D0B4-4A81-9A52-A97FCA043E6A}"
EndProject
Project("{8BC9CEB8-8B4A-11D0-8D11-00A0C91BC942}") = "Fibonacci", "Fibonacci\Fibonacci.vcxproj", "{ADCF199B-0D01-4F11-8356-7C7794B2198F}"
EndProject
Project("{8BC9CEB8-8B4A-11D0-8D11-00A0C91BC942}") = "TowerOfHanoi", "TowerOfHanoi\TowerOfHanoi.vcxproj", "{C4671419-F307-4780-A0CA-19D188D2DE6C}"
EndProject
Project("{2150E333-8FDC-42A3-9474-1A3956D46DE8}") = "Recursion", "Recursion", "{F753BFB6-8D88-44FE-837A-FF11A7EDC0ED}"
EndProject
Project("{2150E333-8FDC-42A3-9474-1A3956D46DE8}") = "Array", "Array", "{0838061F-D2D1-4197-BF12-90B0816436CF}"
EndProject
Project("{8BC9CEB8-8B4A-11D0-8D11-00A0C91BC942}") = "IntroToArray", "IntroToArray\IntroToArray.vcxproj", "{0C74D3C9-1358-4C0B-B320-CA84A03B3236}"
EndProject
Project("{8BC9CEB8-8B4A-11D0-8D11-00A0C91BC942}") = "TimeComplexityTesting", "TimeComplexityTesting\TimeComplexityTesting.vcxproj", "{F353FE4E-3478-4DA0-B378-98C006DA55D0}"
EndProject
Project("{8BC9CEB8-8B4A-11D0-8D11-00A0C91BC942}") = "IncreaseArraySize", "IncreaseArraySize\IncreaseArraySize.vcxproj", "{1CD89D64-0DE1-43FE-98EB-09C6A9E20DFF}"
EndProject
Project("{2150E333-8FDC-42A3-9474-1A3956D46DE8}") = "AbstractDataType(Array)", "AbstractDataType(Array)", "{EF4339D9-FC38-43B3-9863-B3D3F5699EFF}"
EndProject
Project("{8BC9CEB8-8B4A-11D0-8D11-00A0C91BC942}") = "ADT", "ADT\ADT.vcxproj", "{A7421539-DF7F-403C-A1E9-8F5DC10312A9}"
EndProject
Project("{8BC9CEB8-8B4A-11D0-8D11-00A0C91BC942}") = "ArrayClass", "ArrayClass\ArrayClass.vcxproj", "{1892BDFA-D075-403A-B40A-F09953B92156}"
EndProject
Project("{8BC9CEB8-8B4A-11D0-8D11-00A0C91BC942}") = "Trial", "Trial\Trial.vcxproj", "{4BFA2529-36A4-48A1-AA0B-23819BACD050}"
EndProject
Project("{2150E333-8FDC-42A3-9474-1A3956D46DE8}") = "String", "String", "{4F49D83F-63E5-4E15-8FBB-995D56ADF392}"
EndProject
Project("{8BC9CEB8-8B4A-11D0-8D11-00A0C91BC942}") = "String", "String\String.vcxproj", "{07B66AA3-3515-4805-85D7-1880F8D0FA10}"
EndProject
Global
	GlobalSection(SolutionConfigurationPlatforms) = preSolution
		Debug|Any CPU = Debug|Any CPU
		Debug|x64 = Debug|x64
		Debug|x86 = Debug|x86
		Release|Any CPU = Release|Any CPU
		Release|x64 = Release|x64
		Release|x86 = Release|x86
		Try|Any CPU = Try|Any CPU
		Try|x64 = Try|x64
		Try|x86 = Try|x86
	EndGlobalSection
	GlobalSection(ProjectConfigurationPlatforms) = postSolution
		{24E349D8-9D22-4DDC-A6D6-97A855C30D12}.Debug|Any CPU.ActiveCfg = Debug|Win32
		{24E349D8-9D22-4DDC-A6D6-97A855C30D12}.Debug|x64.ActiveCfg = Debug|x64
		{24E349D8-9D22-4DDC-A6D6-97A855C30D12}.Debug|x64.Build.0 = Debug|x64
		{24E349D8-9D22-4DDC-A6D6-97A855C30D12}.Debug|x86.ActiveCfg = Debug|Win32
		{24E349D8-9D22-4DDC-A6D6-97A855C30D12}.Debug|x86.Build.0 = Debug|Win32
		{24E349D8-9D22-4DDC-A6D6-97A855C30D12}.Release|Any CPU.ActiveCfg = Release|Win32
		{24E349D8-9D22-4DDC-A6D6-97A855C30D12}.Release|x64.ActiveCfg = Release|x64
		{24E349D8-9D22-4DDC-A6D6-97A855C30D12}.Release|x64.Build.0 = Release|x64
		{24E349D8-9D22-4DDC-A6D6-97A855C30D12}.Release|x86.ActiveCfg = Release|Win32
		{24E349D8-9D22-4DDC-A6D6-97A855C30D12}.Release|x86.Build.0 = Release|Win32
		{24E349D8-9D22-4DDC-A6D6-97A855C30D12}.Try|Any CPU.ActiveCfg = Try|Win32
		{24E349D8-9D22-4DDC-A6D6-97A855C30D12}.Try|x64.ActiveCfg = Try|x64
		{24E349D8-9D22-4DDC-A6D6-97A855C30D12}.Try|x64.Build.0 = Try|x64
		{24E349D8-9D22-4DDC-A6D6-97A855C30D12}.Try|x86.ActiveCfg = Try|Win32
		{24E349D8-9D22-4DDC-A6D6-97A855C30D12}.Try|x86.Build.0 = Try|Win32
		{AB1BEF73-686E-4E5A-8C44-D8D6C2549CA7}.Debug|Any CPU.ActiveCfg = Debug|Win32
		{AB1BEF73-686E-4E5A-8C44-D8D6C2549CA7}.Debug|x64.ActiveCfg = Debug|x64
		{AB1BEF73-686E-4E5A-8C44-D8D6C2549CA7}.Debug|x64.Build.0 = Debug|x64
		{AB1BEF73-686E-4E5A-8C44-D8D6C2549CA7}.Debug|x86.ActiveCfg = Debug|Win32
		{AB1BEF73-686E-4E5A-8C44-D8D6C2549CA7}.Debug|x86.Build.0 = Debug|Win32
		{AB1BEF73-686E-4E5A-8C44-D8D6C2549CA7}.Release|Any CPU.ActiveCfg = Release|Win32
		{AB1BEF73-686E-4E5A-8C44-D8D6C2549CA7}.Release|x64.ActiveCfg = Release|x64
		{AB1BEF73-686E-4E5A-8C44-D8D6C2549CA7}.Release|x64.Build.0 = Release|x64
		{AB1BEF73-686E-4E5A-8C44-D8D6C2549CA7}.Release|x86.ActiveCfg = Release|Win32
		{AB1BEF73-686E-4E5A-8C44-D8D6C2549CA7}.Release|x86.Build.0 = Release|Win32
		{AB1BEF73-686E-4E5A-8C44-D8D6C2549CA7}.Try|Any CPU.ActiveCfg = Try|Win32
		{AB1BEF73-686E-4E5A-8C44-D8D6C2549CA7}.Try|x64.ActiveCfg = Try|x64
		{AB1BEF73-686E-4E5A-8C44-D8D6C2549CA7}.Try|x64.Build.0 = Try|x64
		{AB1BEF73-686E-4E5A-8C44-D8D6C2549CA7}.Try|x86.ActiveCfg = Try|Win32
		{AB1BEF73-686E-4E5A-8C44-D8D6C2549CA7}.Try|x86.Build.0 = Try|Win32
		{EF4DB541-2C3A-4217-8982-90FE7B93ABA2}.Debug|Any CPU.ActiveCfg = Debug|Win32
		{EF4DB541-2C3A-4217-8982-90FE7B93ABA2}.Debug|x64.ActiveCfg = Debug|x64
		{EF4DB541-2C3A-4217-8982-90FE7B93ABA2}.Debug|x64.Build.0 = Debug|x64
		{EF4DB541-2C3A-4217-8982-90FE7B93ABA2}.Debug|x86.ActiveCfg = Debug|Win32
		{EF4DB541-2C3A-4217-8982-90FE7B93ABA2}.Debug|x86.Build.0 = Debug|Win32
		{EF4DB541-2C3A-4217-8982-90FE7B93ABA2}.Release|Any CPU.ActiveCfg = Release|Win32
		{EF4DB541-2C3A-4217-8982-90FE7B93ABA2}.Release|x64.ActiveCfg = Release|x64
		{EF4DB541-2C3A-4217-8982-90FE7B93ABA2}.Release|x64.Build.0 = Release|x64
		{EF4DB541-2C3A-4217-8982-90FE7B93ABA2}.Release|x86.ActiveCfg = Release|Win32
		{EF4DB541-2C3A-4217-8982-90FE7B93ABA2}.Release|x86.Build.0 = Release|Win32
		{EF4DB541-2C3A-4217-8982-90FE7B93ABA2}.Try|Any CPU.ActiveCfg = Try|Win32
		{EF4DB541-2C3A-4217-8982-90FE7B93ABA2}.Try|x64.ActiveCfg = Try|x64
		{EF4DB541-2C3A-4217-8982-90FE7B93ABA2}.Try|x64.Build.0 = Try|x64
		{EF4DB541-2C3A-4217-8982-90FE7B93ABA2}.Try|x86.ActiveCfg = Try|Win32
		{EF4DB541-2C3A-4217-8982-90FE7B93ABA2}.Try|x86.Build.0 = Try|Win32
		{E66F178C-3A78-4FCE-BD57-34A6876719EC}.Debug|Any CPU.ActiveCfg = Debug|Win32
		{E66F178C-3A78-4FCE-BD57-34A6876719EC}.Debug|x64.ActiveCfg = Debug|x64
		{E66F178C-3A78-4FCE-BD57-34A6876719EC}.Debug|x64.Build.0 = Debug|x64
		{E66F178C-3A78-4FCE-BD57-34A6876719EC}.Debug|x86.ActiveCfg = Debug|Win32
		{E66F178C-3A78-4FCE-BD57-34A6876719EC}.Debug|x86.Build.0 = Debug|Win32
		{E66F178C-3A78-4FCE-BD57-34A6876719EC}.Release|Any CPU.ActiveCfg = Release|Win32
		{E66F178C-3A78-4FCE-BD57-34A6876719EC}.Release|x64.ActiveCfg = Release|x64
		{E66F178C-3A78-4FCE-BD57-34A6876719EC}.Release|x64.Build.0 = Release|x64
		{E66F178C-3A78-4FCE-BD57-34A6876719EC}.Release|x86.ActiveCfg = Release|Win32
		{E66F178C-3A78-4FCE-BD57-34A6876719EC}.Release|x86.Build.0 = Release|Win32
		{E66F178C-3A78-4FCE-BD57-34A6876719EC}.Try|Any CPU.ActiveCfg = Try|Win32
		{E66F178C-3A78-4FCE-BD57-34A6876719EC}.Try|x64.ActiveCfg = Try|x64
		{E66F178C-3A78-4FCE-BD57-34A6876719EC}.Try|x64.Build.0 = Try|x64
		{E66F178C-3A78-4FCE-BD57-34A6876719EC}.Try|x86.ActiveCfg = Try|Win32
		{E66F178C-3A78-4FCE-BD57-34A6876719EC}.Try|x86.Build.0 = Try|Win32
		{DB41C415-4267-40E6-A904-4CA2C6DFBC07}.Debug|Any CPU.ActiveCfg = Debug|Win32
		{DB41C415-4267-40E6-A904-4CA2C6DFBC07}.Debug|x64.ActiveCfg = Debug|x64
		{DB41C415-4267-40E6-A904-4CA2C6DFBC07}.Debug|x64.Build.0 = Debug|x64
		{DB41C415-4267-40E6-A904-4CA2C6DFBC07}.Debug|x86.ActiveCfg = Debug|Win32
		{DB41C415-4267-40E6-A904-4CA2C6DFBC07}.Debug|x86.Build.0 = Debug|Win32
		{DB41C415-4267-40E6-A904-4CA2C6DFBC07}.Release|Any CPU.ActiveCfg = Release|Win32
		{DB41C415-4267-40E6-A904-4CA2C6DFBC07}.Release|x64.ActiveCfg = Release|x64
		{DB41C415-4267-40E6-A904-4CA2C6DFBC07}.Release|x64.Build.0 = Release|x64
		{DB41C415-4267-40E6-A904-4CA2C6DFBC07}.Release|x86.ActiveCfg = Release|Win32
		{DB41C415-4267-40E6-A904-4CA2C6DFBC07}.Release|x86.Build.0 = Release|Win32
		{DB41C415-4267-40E6-A904-4CA2C6DFBC07}.Try|Any CPU.ActiveCfg = Try|Win32
		{DB41C415-4267-40E6-A904-4CA2C6DFBC07}.Try|x64.ActiveCfg = Try|x64
		{DB41C415-4267-40E6-A904-4CA2C6DFBC07}.Try|x64.Build.0 = Try|x64
		{DB41C415-4267-40E6-A904-4CA2C6DFBC07}.Try|x86.ActiveCfg = Try|Win32
		{DB41C415-4267-40E6-A904-4CA2C6DFBC07}.Try|x86.Build.0 = Try|Win32
		{E211D1BB-A3D9-4DBC-8FFA-D945B2BBA2B6}.Debug|Any CPU.ActiveCfg = Debug|Win32
		{E211D1BB-A3D9-4DBC-8FFA-D945B2BBA2B6}.Debug|x64.ActiveCfg = Debug|x64
		{E211D1BB-A3D9-4DBC-8FFA-D945B2BBA2B6}.Debug|x64.Build.0 = Debug|x64
		{E211D1BB-A3D9-4DBC-8FFA-D945B2BBA2B6}.Debug|x86.ActiveCfg = Debug|Win32
		{E211D1BB-A3D9-4DBC-8FFA-D945B2BBA2B6}.Debug|x86.Build.0 = Debug|Win32
		{E211D1BB-A3D9-4DBC-8FFA-D945B2BBA2B6}.Release|Any CPU.ActiveCfg = Release|Win32
		{E211D1BB-A3D9-4DBC-8FFA-D945B2BBA2B6}.Release|x64.ActiveCfg = Release|x64
		{E211D1BB-A3D9-4DBC-8FFA-D945B2BBA2B6}.Release|x64.Build.0 = Release|x64
		{E211D1BB-A3D9-4DBC-8FFA-D945B2BBA2B6}.Release|x86.ActiveCfg = Release|Win32
		{E211D1BB-A3D9-4DBC-8FFA-D945B2BBA2B6}.Release|x86.Build.0 = Release|Win32
		{E211D1BB-A3D9-4DBC-8FFA-D945B2BBA2B6}.Try|Any CPU.ActiveCfg = Try|Win32
		{E211D1BB-A3D9-4DBC-8FFA-D945B2BBA2B6}.Try|x64.ActiveCfg = Try|x64
		{E211D1BB-A3D9-4DBC-8FFA-D945B2BBA2B6}.Try|x64.Build.0 = Try|x64
		{E211D1BB-A3D9-4DBC-8FFA-D945B2BBA2B6}.Try|x86.ActiveCfg = Try|Win32
		{E211D1BB-A3D9-4DBC-8FFA-D945B2BBA2B6}.Try|x86.Build.0 = Try|Win32
		{ADF2EAA1-F868-4CA3-AF2D-C2B5A57C666B}.Debug|Any CPU.ActiveCfg = Debug|Win32
		{ADF2EAA1-F868-4CA3-AF2D-C2B5A57C666B}.Debug|x64.ActiveCfg = Debug|x64
		{ADF2EAA1-F868-4CA3-AF2D-C2B5A57C666B}.Debug|x64.Build.0 = Debug|x64
		{ADF2EAA1-F868-4CA3-AF2D-C2B5A57C666B}.Debug|x86.ActiveCfg = Debug|Win32
		{ADF2EAA1-F868-4CA3-AF2D-C2B5A57C666B}.Debug|x86.Build.0 = Debug|Win32
		{ADF2EAA1-F868-4CA3-AF2D-C2B5A57C666B}.Release|Any CPU.ActiveCfg = Release|Win32
		{ADF2EAA1-F868-4CA3-AF2D-C2B5A57C666B}.Release|x64.ActiveCfg = Release|x64
		{ADF2EAA1-F868-4CA3-AF2D-C2B5A57C666B}.Release|x64.Build.0 = Release|x64
		{ADF2EAA1-F868-4CA3-AF2D-C2B5A57C666B}.Release|x86.ActiveCfg = Release|Win32
		{ADF2EAA1-F868-4CA3-AF2D-C2B5A57C666B}.Release|x86.Build.0 = Release|Win32
		{ADF2EAA1-F868-4CA3-AF2D-C2B5A57C666B}.Try|Any CPU.ActiveCfg = Release|x64
		{ADF2EAA1-F868-4CA3-AF2D-C2B5A57C666B}.Try|Any CPU.Build.0 = Release|x64
		{ADF2EAA1-F868-4CA3-AF2D-C2B5A57C666B}.Try|x64.ActiveCfg = Release|x64
		{ADF2EAA1-F868-4CA3-AF2D-C2B5A57C666B}.Try|x64.Build.0 = Release|x64
		{ADF2EAA1-F868-4CA3-AF2D-C2B5A57C666B}.Try|x86.ActiveCfg = Release|Win32
		{ADF2EAA1-F868-4CA3-AF2D-C2B5A57C666B}.Try|x86.Build.0 = Release|Win32
		{7826BCBD-FA76-452E-A0BB-1B78DCC2B61A}.Debug|Any CPU.ActiveCfg = Debug|Win32
		{7826BCBD-FA76-452E-A0BB-1B78DCC2B61A}.Debug|x64.ActiveCfg = Debug|x64
		{7826BCBD-FA76-452E-A0BB-1B78DCC2B61A}.Debug|x64.Build.0 = Debug|x64
		{7826BCBD-FA76-452E-A0BB-1B78DCC2B61A}.Debug|x86.ActiveCfg = Debug|Win32
		{7826BCBD-FA76-452E-A0BB-1B78DCC2B61A}.Debug|x86.Build.0 = Debug|Win32
		{7826BCBD-FA76-452E-A0BB-1B78DCC2B61A}.Release|Any CPU.ActiveCfg = Release|Win32
		{7826BCBD-FA76-452E-A0BB-1B78DCC2B61A}.Release|x64.ActiveCfg = Release|x64
		{7826BCBD-FA76-452E-A0BB-1B78DCC2B61A}.Release|x64.Build.0 = Release|x64
		{7826BCBD-FA76-452E-A0BB-1B78DCC2B61A}.Release|x86.ActiveCfg = Release|Win32
		{7826BCBD-FA76-452E-A0BB-1B78DCC2B61A}.Release|x86.Build.0 = Release|Win32
		{7826BCBD-FA76-452E-A0BB-1B78DCC2B61A}.Try|Any CPU.ActiveCfg = Release|x64
		{7826BCBD-FA76-452E-A0BB-1B78DCC2B61A}.Try|Any CPU.Build.0 = Release|x64
		{7826BCBD-FA76-452E-A0BB-1B78DCC2B61A}.Try|x64.ActiveCfg = Release|x64
		{7826BCBD-FA76-452E-A0BB-1B78DCC2B61A}.Try|x64.Build.0 = Release|x64
		{7826BCBD-FA76-452E-A0BB-1B78DCC2B61A}.Try|x86.ActiveCfg = Release|Win32
		{7826BCBD-FA76-452E-A0BB-1B78DCC2B61A}.Try|x86.Build.0 = Release|Win32
		{C06AE91C-D74B-4579-B6C7-78B4C8B60AE1}.Debug|Any CPU.ActiveCfg = Debug|Win32
		{C06AE91C-D74B-4579-B6C7-78B4C8B60AE1}.Debug|x64.ActiveCfg = Debug|x64
		{C06AE91C-D74B-4579-B6C7-78B4C8B60AE1}.Debug|x64.Build.0 = Debug|x64
		{C06AE91C-D74B-4579-B6C7-78B4C8B60AE1}.Debug|x86.ActiveCfg = Debug|Win32
		{C06AE91C-D74B-4579-B6C7-78B4C8B60AE1}.Debug|x86.Build.0 = Debug|Win32
		{C06AE91C-D74B-4579-B6C7-78B4C8B60AE1}.Release|Any CPU.ActiveCfg = Release|Win32
		{C06AE91C-D74B-4579-B6C7-78B4C8B60AE1}.Release|x64.ActiveCfg = Release|x64
		{C06AE91C-D74B-4579-B6C7-78B4C8B60AE1}.Release|x64.Build.0 = Release|x64
		{C06AE91C-D74B-4579-B6C7-78B4C8B60AE1}.Release|x86.ActiveCfg = Release|Win32
		{C06AE91C-D74B-4579-B6C7-78B4C8B60AE1}.Release|x86.Build.0 = Release|Win32
		{C06AE91C-D74B-4579-B6C7-78B4C8B60AE1}.Try|Any CPU.ActiveCfg = Release|x64
		{C06AE91C-D74B-4579-B6C7-78B4C8B60AE1}.Try|Any CPU.Build.0 = Release|x64
		{C06AE91C-D74B-4579-B6C7-78B4C8B60AE1}.Try|x64.ActiveCfg = Release|x64
		{C06AE91C-D74B-4579-B6C7-78B4C8B60AE1}.Try|x64.Build.0 = Release|x64
		{C06AE91C-D74B-4579-B6C7-78B4C8B60AE1}.Try|x86.ActiveCfg = Release|Win32
		{C06AE91C-D74B-4579-B6C7-78B4C8B60AE1}.Try|x86.Build.0 = Release|Win32
		{905BD274-D0B4-4A81-9A52-A97FCA043E6A}.Debug|Any CPU.ActiveCfg = Debug|Win32
		{905BD274-D0B4-4A81-9A52-A97FCA043E6A}.Debug|x64.ActiveCfg = Debug|x64
		{905BD274-D0B4-4A81-9A52-A97FCA043E6A}.Debug|x64.Build.0 = Debug|x64
		{905BD274-D0B4-4A81-9A52-A97FCA043E6A}.Debug|x86.ActiveCfg = Debug|Win32
		{905BD274-D0B4-4A81-9A52-A97FCA043E6A}.Debug|x86.Build.0 = Debug|Win32
		{905BD274-D0B4-4A81-9A52-A97FCA043E6A}.Release|Any CPU.ActiveCfg = Release|Win32
		{905BD274-D0B4-4A81-9A52-A97FCA043E6A}.Release|x64.ActiveCfg = Release|x64
		{905BD274-D0B4-4A81-9A52-A97FCA043E6A}.Release|x64.Build.0 = Release|x64
		{905BD274-D0B4-4A81-9A52-A97FCA043E6A}.Release|x86.ActiveCfg = Release|Win32
		{905BD274-D0B4-4A81-9A52-A97FCA043E6A}.Release|x86.Build.0 = Release|Win32
		{905BD274-D0B4-4A81-9A52-A97FCA043E6A}.Try|Any CPU.ActiveCfg = Release|x64
		{905BD274-D0B4-4A81-9A52-A97FCA043E6A}.Try|Any CPU.Build.0 = Release|x64
		{905BD274-D0B4-4A81-9A52-A97FCA043E6A}.Try|x64.ActiveCfg = Release|x64
		{905BD274-D0B4-4A81-9A52-A97FCA043E6A}.Try|x64.Build.0 = Release|x64
		{905BD274-D0B4-4A81-9A52-A97FCA043E6A}.Try|x86.ActiveCfg = Release|Win32
		{905BD274-D0B4-4A81-9A52-A97FCA043E6A}.Try|x86.Build.0 = Release|Win32
		{ADCF199B-0D01-4F11-8356-7C7794B2198F}.Debug|Any CPU.ActiveCfg = Debug|Win32
		{ADCF199B-0D01-4F11-8356-7C7794B2198F}.Debug|x64.ActiveCfg = Debug|x64
		{ADCF199B-0D01-4F11-8356-7C7794B2198F}.Debug|x64.Build.0 = Debug|x64
		{ADCF199B-0D01-4F11-8356-7C7794B2198F}.Debug|x86.ActiveCfg = Debug|Win32
		{ADCF199B-0D01-4F11-8356-7C7794B2198F}.Debug|x86.Build.0 = Debug|Win32
		{ADCF199B-0D01-4F11-8356-7C7794B2198F}.Release|Any CPU.ActiveCfg = Release|Win32
		{ADCF199B-0D01-4F11-8356-7C7794B2198F}.Release|x64.ActiveCfg = Release|x64
		{ADCF199B-0D01-4F11-8356-7C7794B2198F}.Release|x64.Build.0 = Release|x64
		{ADCF199B-0D01-4F11-8356-7C7794B2198F}.Release|x86.ActiveCfg = Release|Win32
		{ADCF199B-0D01-4F11-8356-7C7794B2198F}.Release|x86.Build.0 = Release|Win32
		{ADCF199B-0D01-4F11-8356-7C7794B2198F}.Try|Any CPU.ActiveCfg = Release|x64
		{ADCF199B-0D01-4F11-8356-7C7794B2198F}.Try|Any CPU.Build.0 = Release|x64
		{ADCF199B-0D01-4F11-8356-7C7794B2198F}.Try|x64.ActiveCfg = Release|x64
		{ADCF199B-0D01-4F11-8356-7C7794B2198F}.Try|x64.Build.0 = Release|x64
		{ADCF199B-0D01-4F11-8356-7C7794B2198F}.Try|x86.ActiveCfg = Release|Win32
		{ADCF199B-0D01-4F11-8356-7C7794B2198F}.Try|x86.Build.0 = Release|Win32
		{C4671419-F307-4780-A0CA-19D188D2DE6C}.Debug|Any CPU.ActiveCfg = Debug|Win32
		{C4671419-F307-4780-A0CA-19D188D2DE6C}.Debug|x64.ActiveCfg = Debug|x64
		{C4671419-F307-4780-A0CA-19D188D2DE6C}.Debug|x64.Build.0 = Debug|x64
		{C4671419-F307-4780-A0CA-19D188D2DE6C}.Debug|x86.ActiveCfg = Debug|Win32
		{C4671419-F307-4780-A0CA-19D188D2DE6C}.Debug|x86.Build.0 = Debug|Win32
		{C4671419-F307-4780-A0CA-19D188D2DE6C}.Release|Any CPU.ActiveCfg = Release|Win32
		{C4671419-F307-4780-A0CA-19D188D2DE6C}.Release|x64.ActiveCfg = Release|x64
		{C4671419-F307-4780-A0CA-19D188D2DE6C}.Release|x64.Build.0 = Release|x64
		{C4671419-F307-4780-A0CA-19D188D2DE6C}.Release|x86.ActiveCfg = Release|Win32
		{C4671419-F307-4780-A0CA-19D188D2DE6C}.Release|x86.Build.0 = Release|Win32
		{C4671419-F307-4780-A0CA-19D188D2DE6C}.Try|Any CPU.ActiveCfg = Release|x64
		{C4671419-F307-4780-A0CA-19D188D2DE6C}.Try|Any CPU.Build.0 = Release|x64
		{C4671419-F307-4780-A0CA-19D188D2DE6C}.Try|x64.ActiveCfg = Release|x64
		{C4671419-F307-4780-A0CA-19D188D2DE6C}.Try|x64.Build.0 = Release|x64
		{C4671419-F307-4780-A0CA-19D188D2DE6C}.Try|x86.ActiveCfg = Release|Win32
		{C4671419-F307-4780-A0CA-19D188D2DE6C}.Try|x86.Build.0 = Release|Win32
		{0C74D3C9-1358-4C0B-B320-CA84A03B3236}.Debug|Any CPU.ActiveCfg = Debug|Win32
		{0C74D3C9-1358-4C0B-B320-CA84A03B3236}.Debug|x64.ActiveCfg = Debug|x64
		{0C74D3C9-1358-4C0B-B320-CA84A03B3236}.Debug|x64.Build.0 = Debug|x64
		{0C74D3C9-1358-4C0B-B320-CA84A03B3236}.Debug|x86.ActiveCfg = Debug|Win32
		{0C74D3C9-1358-4C0B-B320-CA84A03B3236}.Debug|x86.Build.0 = Debug|Win32
		{0C74D3C9-1358-4C0B-B320-CA84A03B3236}.Release|Any CPU.ActiveCfg = Release|Win32
		{0C74D3C9-1358-4C0B-B320-CA84A03B3236}.Release|x64.ActiveCfg = Release|x64
		{0C74D3C9-1358-4C0B-B320-CA84A03B3236}.Release|x64.Build.0 = Release|x64
		{0C74D3C9-1358-4C0B-B320-CA84A03B3236}.Release|x86.ActiveCfg = Release|Win32
		{0C74D3C9-1358-4C0B-B320-CA84A03B3236}.Release|x86.Build.0 = Release|Win32
		{0C74D3C9-1358-4C0B-B320-CA84A03B3236}.Try|Any CPU.ActiveCfg = Debug|Win32
		{0C74D3C9-1358-4C0B-B320-CA84A03B3236}.Try|Any CPU.Build.0 = Debug|Win32
		{0C74D3C9-1358-4C0B-B320-CA84A03B3236}.Try|x64.ActiveCfg = Debug|x64
		{0C74D3C9-1358-4C0B-B320-CA84A03B3236}.Try|x64.Build.0 = Debug|x64
		{0C74D3C9-1358-4C0B-B320-CA84A03B3236}.Try|x86.ActiveCfg = Debug|Win32
		{0C74D3C9-1358-4C0B-B320-CA84A03B3236}.Try|x86.Build.0 = Debug|Win32
		{F353FE4E-3478-4DA0-B378-98C006DA55D0}.Debug|Any CPU.ActiveCfg = Debug|Win32
		{F353FE4E-3478-4DA0-B378-98C006DA55D0}.Debug|x64.ActiveCfg = Debug|x64
		{F353FE4E-3478-4DA0-B378-98C006DA55D0}.Debug|x64.Build.0 = Debug|x64
		{F353FE4E-3478-4DA0-B378-98C006DA55D0}.Debug|x86.ActiveCfg = Debug|Win32
		{F353FE4E-3478-4DA0-B378-98C006DA55D0}.Debug|x86.Build.0 = Debug|Win32
		{F353FE4E-3478-4DA0-B378-98C006DA55D0}.Release|Any CPU.ActiveCfg = Release|Win32
		{F353FE4E-3478-4DA0-B378-98C006DA55D0}.Release|x64.ActiveCfg = Release|x64
		{F353FE4E-3478-4DA0-B378-98C006DA55D0}.Release|x64.Build.0 = Release|x64
		{F353FE4E-3478-4DA0-B378-98C006DA55D0}.Release|x86.ActiveCfg = Release|Win32
		{F353FE4E-3478-4DA0-B378-98C006DA55D0}.Release|x86.Build.0 = Release|Win32
		{F353FE4E-3478-4DA0-B378-98C006DA55D0}.Try|Any CPU.ActiveCfg = Debug|Win32
		{F353FE4E-3478-4DA0-B378-98C006DA55D0}.Try|Any CPU.Build.0 = Debug|Win32
		{F353FE4E-3478-4DA0-B378-98C006DA55D0}.Try|x64.ActiveCfg = Debug|x64
		{F353FE4E-3478-4DA0-B378-98C006DA55D0}.Try|x64.Build.0 = Debug|x64
		{F353FE4E-3478-4DA0-B378-98C006DA55D0}.Try|x86.ActiveCfg = Debug|Win32
		{F353FE4E-3478-4DA0-B378-98C006DA55D0}.Try|x86.Build.0 = Debug|Win32
		{1CD89D64-0DE1-43FE-98EB-09C6A9E20DFF}.Debug|Any CPU.ActiveCfg = Debug|Win32
		{1CD89D64-0DE1-43FE-98EB-09C6A9E20DFF}.Debug|x64.ActiveCfg = Debug|x64
		{1CD89D64-0DE1-43FE-98EB-09C6A9E20DFF}.Debug|x64.Build.0 = Debug|x64
		{1CD89D64-0DE1-43FE-98EB-09C6A9E20DFF}.Debug|x86.ActiveCfg = Debug|Win32
		{1CD89D64-0DE1-43FE-98EB-09C6A9E20DFF}.Debug|x86.Build.0 = Debug|Win32
		{1CD89D64-0DE1-43FE-98EB-09C6A9E20DFF}.Release|Any CPU.ActiveCfg = Release|Win32
		{1CD89D64-0DE1-43FE-98EB-09C6A9E20DFF}.Release|x64.ActiveCfg = Release|x64
		{1CD89D64-0DE1-43FE-98EB-09C6A9E20DFF}.Release|x64.Build.0 = Release|x64
		{1CD89D64-0DE1-43FE-98EB-09C6A9E20DFF}.Release|x86.ActiveCfg = Release|Win32
		{1CD89D64-0DE1-43FE-98EB-09C6A9E20DFF}.Release|x86.Build.0 = Release|Win32
		{1CD89D64-0DE1-43FE-98EB-09C6A9E20DFF}.Try|Any CPU.ActiveCfg = Debug|Win32
		{1CD89D64-0DE1-43FE-98EB-09C6A9E20DFF}.Try|Any CPU.Build.0 = Debug|Win32
		{1CD89D64-0DE1-43FE-98EB-09C6A9E20DFF}.Try|x64.ActiveCfg = Debug|x64
		{1CD89D64-0DE1-43FE-98EB-09C6A9E20DFF}.Try|x64.Build.0 = Debug|x64
		{1CD89D64-0DE1-43FE-98EB-09C6A9E20DFF}.Try|x86.ActiveCfg = Debug|Win32
		{1CD89D64-0DE1-43FE-98EB-09C6A9E20DFF}.Try|x86.Build.0 = Debug|Win32
		{A7421539-DF7F-403C-A1E9-8F5DC10312A9}.Debug|Any CPU.ActiveCfg = Debug|Win32
		{A7421539-DF7F-403C-A1E9-8F5DC10312A9}.Debug|x64.ActiveCfg = Debug|x64
		{A7421539-DF7F-403C-A1E9-8F5DC10312A9}.Debug|x64.Build.0 = Debug|x64
		{A7421539-DF7F-403C-A1E9-8F5DC10312A9}.Debug|x86.ActiveCfg = Debug|Win32
		{A7421539-DF7F-403C-A1E9-8F5DC10312A9}.Debug|x86.Build.0 = Debug|Win32
		{A7421539-DF7F-403C-A1E9-8F5DC10312A9}.Release|Any CPU.ActiveCfg = Release|Win32
		{A7421539-DF7F-403C-A1E9-8F5DC10312A9}.Release|x64.ActiveCfg = Release|x64
		{A7421539-DF7F-403C-A1E9-8F5DC10312A9}.Release|x64.Build.0 = Release|x64
		{A7421539-DF7F-403C-A1E9-8F5DC10312A9}.Release|x86.ActiveCfg = Release|Win32
		{A7421539-DF7F-403C-A1E9-8F5DC10312A9}.Release|x86.Build.0 = Release|Win32
		{A7421539-DF7F-403C-A1E9-8F5DC10312A9}.Try|Any CPU.ActiveCfg = Debug|Win32
		{A7421539-DF7F-403C-A1E9-8F5DC10312A9}.Try|Any CPU.Build.0 = Debug|Win32
		{A7421539-DF7F-403C-A1E9-8F5DC10312A9}.Try|x64.ActiveCfg = Debug|x64
		{A7421539-DF7F-403C-A1E9-8F5DC10312A9}.Try|x64.Build.0 = Debug|x64
		{A7421539-DF7F-403C-A1E9-8F5DC10312A9}.Try|x86.ActiveCfg = Debug|Win32
		{A7421539-DF7F-403C-A1E9-8F5DC10312A9}.Try|x86.Build.0 = Debug|Win32
		{1892BDFA-D075-403A-B40A-F09953B92156}.Debug|Any CPU.ActiveCfg = Debug|Win32
		{1892BDFA-D075-403A-B40A-F09953B92156}.Debug|x64.ActiveCfg = Debug|x64
		{1892BDFA-D075-403A-B40A-F09953B92156}.Debug|x64.Build.0 = Debug|x64
		{1892BDFA-D075-403A-B40A-F09953B92156}.Debug|x86.ActiveCfg = Debug|Win32
		{1892BDFA-D075-403A-B40A-F09953B92156}.Debug|x86.Build.0 = Debug|Win32
		{1892BDFA-D075-403A-B40A-F09953B92156}.Release|Any CPU.ActiveCfg = Release|Win32
		{1892BDFA-D075-403A-B40A-F09953B92156}.Release|x64.ActiveCfg = Release|x64
		{1892BDFA-D075-403A-B40A-F09953B92156}.Release|x64.Build.0 = Release|x64
		{1892BDFA-D075-403A-B40A-F09953B92156}.Release|x86.ActiveCfg = Release|Win32
		{1892BDFA-D075-403A-B40A-F09953B92156}.Release|x86.Build.0 = Release|Win32
		{1892BDFA-D075-403A-B40A-F09953B92156}.Try|Any CPU.ActiveCfg = Debug|Win32
		{1892BDFA-D075-403A-B40A-F09953B92156}.Try|Any CPU.Build.0 = Debug|Win32
		{1892BDFA-D075-403A-B40A-F09953B92156}.Try|x64.ActiveCfg = Debug|x64
		{1892BDFA-D075-403A-B40A-F09953B92156}.Try|x64.Build.0 = Debug|x64
		{1892BDFA-D075-403A-B40A-F09953B92156}.Try|x86.ActiveCfg = Debug|Win32
		{1892BDFA-D075-403A-B40A-F09953B92156}.Try|x86.Build.0 = Debug|Win32
		{4BFA2529-36A4-48A1-AA0B-23819BACD050}.Debug|Any CPU.ActiveCfg = Debug|Win32
		{4BFA2529-36A4-48A1-AA0B-23819BACD050}.Debug|x64.ActiveCfg = Debug|x64
		{4BFA2529-36A4-48A1-AA0B-23819BACD050}.Debug|x64.Build.0 = Debug|x64
		{4BFA2529-36A4-48A1-AA0B-23819BACD050}.Debug|x86.ActiveCfg = Debug|Win32
		{4BFA2529-36A4-48A1-AA0B-23819BACD050}.Debug|x86.Build.0 = Debug|Win32
		{4BFA2529-36A4-48A1-AA0B-23819BACD050}.Release|Any CPU.ActiveCfg = Release|Win32
		{4BFA2529-36A4-48A1-AA0B-23819BACD050}.Release|x64.ActiveCfg = Release|x64
		{4BFA2529-36A4-48A1-AA0B-23819BACD050}.Release|x64.Build.0 = Release|x64
		{4BFA2529-36A4-48A1-AA0B-23819BACD050}.Release|x86.ActiveCfg = Release|Win32
		{4BFA2529-36A4-48A1-AA0B-23819BACD050}.Release|x86.Build.0 = Release|Win32
		{4BFA2529-36A4-48A1-AA0B-23819BACD050}.Try|Any CPU.ActiveCfg = Debug|Win32
		{4BFA2529-36A4-48A1-AA0B-23819BACD050}.Try|Any CPU.Build.0 = Debug|Win32
		{4BFA2529-36A4-48A1-AA0B-23819BACD050}.Try|x64.ActiveCfg = Debug|x64
		{4BFA2529-36A4-48A1-AA0B-23819BACD050}.Try|x64.Build.0 = Debug|x64
		{4BFA2529-36A4-48A1-AA0B-23819BACD050}.Try|x86.ActiveCfg = Debug|Win32
		{4BFA2529-36A4-48A1-AA0B-23819BACD050}.Try|x86.Build.0 = Debug|Win32
		{07B66AA3-3515-4805-85D7-1880F8D0FA10}.Debug|Any CPU.ActiveCfg = Debug|Win32
		{07B66AA3-3515-4805-85D7-1880F8D0FA10}.Debug|x64.ActiveCfg = Debug|x64
		{07B66AA3-3515-4805-85D7-1880F8D0FA10}.Debug|x64.Build.0 = Debug|x64
		{07B66AA3-3515-4805-85D7-1880F8D0FA10}.Debug|x86.ActiveCfg = Debug|Win32
		{07B66AA3-3515-4805-85D7-1880F8D0FA10}.Debug|x86.Build.0 = Debug|Win32
		{07B66AA3-3515-4805-85D7-1880F8D0FA10}.Release|Any CPU.ActiveCfg = Release|Win32
		{07B66AA3-3515-4805-85D7-1880F8D0FA10}.Release|x64.ActiveCfg = Release|x64
		{07B66AA3-3515-4805-85D7-1880F8D0FA10}.Release|x64.Build.0 = Release|x64
		{07B66AA3-3515-4805-85D7-1880F8D0FA10}.Release|x86.ActiveCfg = Release|Win32
		{07B66AA3-3515-4805-85D7-1880F8D0FA10}.Release|x86.Build.0 = Release|Win32
		{07B66AA3-3515-4805-85D7-1880F8D0FA10}.Try|Any CPU.ActiveCfg = Debug|Win32
		{07B66AA3-3515-4805-85D7-1880F8D0FA10}.Try|Any CPU.Build.0 = Debug|Win32
		{07B66AA3-3515-4805-85D7-1880F8D0FA10}.Try|x64.ActiveCfg = Debug|x64
		{07B66AA3-3515-4805-85D7-1880F8D0FA10}.Try|x64.Build.0 = Debug|x64
		{07B66AA3-3515-4805-85D7-1880F8D0FA10}.Try|x86.ActiveCfg = Debug|Win32
		{07B66AA3-3515-4805-85D7-1880F8D0FA10}.Try|x86.Build.0 = Debug|Win32
	EndGlobalSection
	GlobalSection(SolutionProperties) = preSolution
		HideSolutionNode = FALSE
	EndGlobalSection
	GlobalSection(NestedProjects) = preSolution
		{24E349D8-9D22-4DDC-A6D6-97A855C30D12} = {F753BFB6-8D88-44FE-837A-FF11A7EDC0ED}
		{AB1BEF73-686E-4E5A-8C44-D8D6C2549CA7} = {F753BFB6-8D88-44FE-837A-FF11A7EDC0ED}
		{EF4DB541-2C3A-4217-8982-90FE7B93ABA2} = {F753BFB6-8D88-44FE-837A-FF11A7EDC0ED}
		{E66F178C-3A78-4FCE-BD57-34A6876719EC} = {F753BFB6-8D88-44FE-837A-FF11A7EDC0ED}
		{DB41C415-4267-40E6-A904-4CA2C6DFBC07} = {F753BFB6-8D88-44FE-837A-FF11A7EDC0ED}
		{E211D1BB-A3D9-4DBC-8FFA-D945B2BBA2B6} = {F753BFB6-8D88-44FE-837A-FF11A7EDC0ED}
		{ADF2EAA1-F868-4CA3-AF2D-C2B5A57C666B} = {F753BFB6-8D88-44FE-837A-FF11A7EDC0ED}
		{7826BCBD-FA76-452E-A0BB-1B78DCC2B61A} = {F753BFB6-8D88-44FE-837A-FF11A7EDC0ED}
		{C06AE91C-D74B-4579-B6C7-78B4C8B60AE1} = {F753BFB6-8D88-44FE-837A-FF11A7EDC0ED}
		{905BD274-D0B4-4A81-9A52-A97FCA043E6A} = {F753BFB6-8D88-44FE-837A-FF11A7EDC0ED}
		{ADCF199B-0D01-4F11-8356-7C7794B2198F} = {F753BFB6-8D88-44FE-837A-FF11A7EDC0ED}
		{C4671419-F307-4780-A0CA-19D188D2DE6C} = {F753BFB6-8D88-44FE-837A-FF11A7EDC0ED}
		{0C74D3C9-1358-4C0B-B320-CA84A03B3236} = {0838061F-D2D1-4197-BF12-90B0816436CF}
		{F353FE4E-3478-4DA0-B378-98C006DA55D0} = {F753BFB6-8D88-44FE-837A-FF11A7EDC0ED}
		{1CD89D64-0DE1-43FE-98EB-09C6A9E20DFF} = {0838061F-D2D1-4197-BF12-90B0816436CF}
		{A7421539-DF7F-403C-A1E9-8F5DC10312A9} = {EF4339D9-FC38-43B3-9863-B3D3F5699EFF}
		{1892BDFA-D075-403A-B40A-F09953B92156} = {EF4339D9-FC38-43B3-9863-B3D3F5699EFF}
		{4BFA2529-36A4-48A1-AA0B-23819BACD050} = {F753BFB6-8D88-44FE-837A-FF11A7EDC0ED}
		{07B66AA3-3515-4805-85D7-1880F8D0FA10} = {4F49D83F-63E5-4E15-8FBB-995D56ADF392}
	EndGlobalSection
	GlobalSection(ExtensibilityGlobals) = postSolution
		SolutionGuid = {83B78733-044C-4B9F-A25D-695B73F4279A}
	EndGlobalSection
EndGlobal
